// !$*UTF8*$!
{
	archiveVersion = 1;
	classes = {
	};
	objectVersion = 56;
	objects = {

/* Begin PBXBuildFile section */
		F7071C462D52BB1400B97517 /* UserService.swift in Sources */ = {isa = PBXBuildFile; fileRef = F7071C452D52BB1400B97517 /* UserService.swift */; };
		F7071C482D52BC1600B97517 /* FirebaseAnalytics in Frameworks */ = {isa = PBXBuildFile; productRef = F7071C472D52BC1600B97517 /* FirebaseAnalytics */; };
		F7071C4A2D52BC1600B97517 /* FirebaseAnalyticsOnDeviceConversion in Frameworks */ = {isa = PBXBuildFile; productRef = F7071C492D52BC1600B97517 /* FirebaseAnalyticsOnDeviceConversion */; };
		F7071C4C2D52BC1600B97517 /* FirebaseAnalyticsWithoutAdIdSupport in Frameworks */ = {isa = PBXBuildFile; productRef = F7071C4B2D52BC1600B97517 /* FirebaseAnalyticsWithoutAdIdSupport */; };
		F7071C502D52BC1600B97517 /* FirebaseAppDistribution-Beta in Frameworks */ = {isa = PBXBuildFile; productRef = F7071C4F2D52BC1600B97517 /* FirebaseAppDistribution-Beta */; };
		F7071C522D52BC1600B97517 /* FirebaseAuth in Frameworks */ = {isa = PBXBuildFile; productRef = F7071C512D52BC1600B97517 /* FirebaseAuth */; };
		F7071C542D52BC1600B97517 /* FirebaseAuthCombine-Community in Frameworks */ = {isa = PBXBuildFile; productRef = F7071C532D52BC1600B97517 /* FirebaseAuthCombine-Community */; };
		F7071C562D52BC1600B97517 /* FirebaseCore in Frameworks */ = {isa = PBXBuildFile; productRef = F7071C552D52BC1600B97517 /* FirebaseCore */; };
		F7071C582D52BC1600B97517 /* FirebaseCrashlytics in Frameworks */ = {isa = PBXBuildFile; productRef = F7071C572D52BC1600B97517 /* FirebaseCrashlytics */; };
		F7071C5A2D52BC1600B97517 /* FirebaseDatabase in Frameworks */ = {isa = PBXBuildFile; productRef = F7071C592D52BC1600B97517 /* FirebaseDatabase */; };
		F7071C5C2D52BC1600B97517 /* FirebaseDynamicLinks in Frameworks */ = {isa = PBXBuildFile; productRef = F7071C5B2D52BC1600B97517 /* FirebaseDynamicLinks */; };
		F7071C5E2D52BC1600B97517 /* FirebaseFirestore in Frameworks */ = {isa = PBXBuildFile; productRef = F7071C5D2D52BC1600B97517 /* FirebaseFirestore */; };
		F7071C602D52BC1600B97517 /* FirebaseFirestoreCombine-Community in Frameworks */ = {isa = PBXBuildFile; productRef = F7071C5F2D52BC1600B97517 /* FirebaseFirestoreCombine-Community */; };
		F7071C622D52BC1600B97517 /* FirebaseFunctions in Frameworks */ = {isa = PBXBuildFile; productRef = F7071C612D52BC1600B97517 /* FirebaseFunctions */; };
		F7071C642D52BC1600B97517 /* FirebaseFunctionsCombine-Community in Frameworks */ = {isa = PBXBuildFile; productRef = F7071C632D52BC1600B97517 /* FirebaseFunctionsCombine-Community */; };
		F7071C662D52BC1600B97517 /* FirebaseInAppMessaging-Beta in Frameworks */ = {isa = PBXBuildFile; productRef = F7071C652D52BC1600B97517 /* FirebaseInAppMessaging-Beta */; };
		F7071C682D52BC1600B97517 /* FirebaseInstallations in Frameworks */ = {isa = PBXBuildFile; productRef = F7071C672D52BC1600B97517 /* FirebaseInstallations */; };
		F7071C6A2D52BC1600B97517 /* FirebaseMLModelDownloader in Frameworks */ = {isa = PBXBuildFile; productRef = F7071C692D52BC1600B97517 /* FirebaseMLModelDownloader */; };
		F7071C6C2D52BC1600B97517 /* FirebaseMessaging in Frameworks */ = {isa = PBXBuildFile; productRef = F7071C6B2D52BC1600B97517 /* FirebaseMessaging */; };
		F7071C6E2D52BC1600B97517 /* FirebasePerformance in Frameworks */ = {isa = PBXBuildFile; productRef = F7071C6D2D52BC1600B97517 /* FirebasePerformance */; };
		F7071C702D52BC1600B97517 /* FirebaseRemoteConfig in Frameworks */ = {isa = PBXBuildFile; productRef = F7071C6F2D52BC1600B97517 /* FirebaseRemoteConfig */; };
		F7071C722D52BC1600B97517 /* FirebaseStorage in Frameworks */ = {isa = PBXBuildFile; productRef = F7071C712D52BC1600B97517 /* FirebaseStorage */; };
		F7071C742D52BC1600B97517 /* FirebaseStorageCombine-Community in Frameworks */ = {isa = PBXBuildFile; productRef = F7071C732D52BC1600B97517 /* FirebaseStorageCombine-Community */; };
		F7071C762D52BC1600B97517 /* FirebaseVertexAI in Frameworks */ = {isa = PBXBuildFile; productRef = F7071C752D52BC1600B97517 /* FirebaseVertexAI */; };
		F7071C782D52C2ED00B97517 /* Scroll_Local_Logo.jpg in Resources */ = {isa = PBXBuildFile; fileRef = F7071C772D52C2ED00B97517 /* Scroll_Local_Logo.jpg */; };
		F7071C7B2D530C2000B97517 /* GoogleSignIn in Frameworks */ = {isa = PBXBuildFile; productRef = F7071C7A2D530C2000B97517 /* GoogleSignIn */; };
		F7071C7D2D530C2000B97517 /* GoogleSignInSwift in Frameworks */ = {isa = PBXBuildFile; productRef = F7071C7C2D530C2000B97517 /* GoogleSignInSwift */; };
		F7071C842D5321E400B97517 /* FeedViewModel.swift in Sources */ = {isa = PBXBuildFile; fileRef = F7071C832D5321E400B97517 /* FeedViewModel.swift */; };
		F7071C882D53257C00B97517 /* Video.swift in Sources */ = {isa = PBXBuildFile; fileRef = F7071C872D53257C00B97517 /* Video.swift */; };
		F7071C8A2D53B4D300B97517 /* UserInteraction.swift in Sources */ = {isa = PBXBuildFile; fileRef = F7071C892D53B4D300B97517 /* UserInteraction.swift */; };
		F71522762D52AF7600EC90EB /* LoginView.swift in Sources */ = {isa = PBXBuildFile; fileRef = F71522752D52AF7600EC90EB /* LoginView.swift */; };
		F73EEAB82D51936E008EBB3C /* Scroll_LocalApp.swift in Sources */ = {isa = PBXBuildFile; fileRef = F73EEAB72D51936E008EBB3C /* Scroll_LocalApp.swift */; };
		F73EEABA2D51936E008EBB3C /* ContentView.swift in Sources */ = {isa = PBXBuildFile; fileRef = F73EEAB92D51936E008EBB3C /* ContentView.swift */; };
		F73EEABC2D519371008EBB3C /* Assets.xcassets in Resources */ = {isa = PBXBuildFile; fileRef = F73EEABB2D519371008EBB3C /* Assets.xcassets */; };
		F73EEABF2D519371008EBB3C /* Preview Assets.xcassets in Resources */ = {isa = PBXBuildFile; fileRef = F73EEABE2D519371008EBB3C /* Preview Assets.xcassets */; };
		F73EEAC92D519371008EBB3C /* Scroll_LocalTests.swift in Sources */ = {isa = PBXBuildFile; fileRef = F73EEAC82D519371008EBB3C /* Scroll_LocalTests.swift */; };
		F73EEAD32D519371008EBB3C /* Scroll_LocalUITests.swift in Sources */ = {isa = PBXBuildFile; fileRef = F73EEAD22D519371008EBB3C /* Scroll_LocalUITests.swift */; };
		F73EEAD52D519371008EBB3C /* Scroll_LocalUITestsLaunchTests.swift in Sources */ = {isa = PBXBuildFile; fileRef = F73EEAD42D519371008EBB3C /* Scroll_LocalUITestsLaunchTests.swift */; };
		F73EEAF02D51AB71008EBB3C /* FeedView.swift in Sources */ = {isa = PBXBuildFile; fileRef = F73EEAEF2D51AB71008EBB3C /* FeedView.swift */; };
		F73EEAF22D51BBAD008EBB3C /* ProfileView.swift in Sources */ = {isa = PBXBuildFile; fileRef = F73EEAF12D51BBAD008EBB3C /* ProfileView.swift */; };
		F73EEAF42D51BD6C008EBB3C /* MessagesView.swift in Sources */ = {isa = PBXBuildFile; fileRef = F73EEAF32D51BD6C008EBB3C /* MessagesView.swift */; };
		F73EEAF62D51BD7D008EBB3C /* NotificationsView.swift in Sources */ = {isa = PBXBuildFile; fileRef = F73EEAF52D51BD7D008EBB3C /* NotificationsView.swift */; };
		F73EEAFA2D51D507008EBB3C /* OtherUserProfileView.swift in Sources */ = {isa = PBXBuildFile; fileRef = F73EEAF92D51D507008EBB3C /* OtherUserProfileView.swift */; };
		F73EEAFC2D5267A1008EBB3C /* GoogleService-Info.plist in Resources */ = {isa = PBXBuildFile; fileRef = F73EEAFB2D5267A1008EBB3C /* GoogleService-Info.plist */; };
		F75C292A2D5274CD0029B00E /* FirebaseAnalytics in Frameworks */ = {isa = PBXBuildFile; productRef = F75C29292D5274CD0029B00E /* FirebaseAnalytics */; };
		F75C292C2D5274CD0029B00E /* FirebaseAnalyticsOnDeviceConversion in Frameworks */ = {isa = PBXBuildFile; productRef = F75C292B2D5274CD0029B00E /* FirebaseAnalyticsOnDeviceConversion */; };
		F75C292E2D5274CD0029B00E /* FirebaseAnalyticsWithoutAdIdSupport in Frameworks */ = {isa = PBXBuildFile; productRef = F75C292D2D5274CD0029B00E /* FirebaseAnalyticsWithoutAdIdSupport */; };
		F75C29322D5274CD0029B00E /* FirebaseAppDistribution-Beta in Frameworks */ = {isa = PBXBuildFile; productRef = F75C29312D5274CD0029B00E /* FirebaseAppDistribution-Beta */; };
		F75C29342D5274CD0029B00E /* FirebaseAuth in Frameworks */ = {isa = PBXBuildFile; productRef = F75C29332D5274CD0029B00E /* FirebaseAuth */; };
		F75C29362D5274CD0029B00E /* FirebaseAuthCombine-Community in Frameworks */ = {isa = PBXBuildFile; productRef = F75C29352D5274CD0029B00E /* FirebaseAuthCombine-Community */; };
		F75C29382D5274CD0029B00E /* FirebaseCore in Frameworks */ = {isa = PBXBuildFile; productRef = F75C29372D5274CD0029B00E /* FirebaseCore */; };
		F75C293A2D5274CD0029B00E /* FirebaseCrashlytics in Frameworks */ = {isa = PBXBuildFile; productRef = F75C29392D5274CD0029B00E /* FirebaseCrashlytics */; };
		F75C293C2D5274CD0029B00E /* FirebaseDatabase in Frameworks */ = {isa = PBXBuildFile; productRef = F75C293B2D5274CD0029B00E /* FirebaseDatabase */; };
		F75C293E2D5274CD0029B00E /* FirebaseDynamicLinks in Frameworks */ = {isa = PBXBuildFile; productRef = F75C293D2D5274CD0029B00E /* FirebaseDynamicLinks */; };
		F75C29402D5274CD0029B00E /* FirebaseFirestore in Frameworks */ = {isa = PBXBuildFile; productRef = F75C293F2D5274CD0029B00E /* FirebaseFirestore */; };
		F75C29422D5274CD0029B00E /* FirebaseFirestoreCombine-Community in Frameworks */ = {isa = PBXBuildFile; productRef = F75C29412D5274CD0029B00E /* FirebaseFirestoreCombine-Community */; };
		F75C29442D5274CD0029B00E /* FirebaseFunctions in Frameworks */ = {isa = PBXBuildFile; productRef = F75C29432D5274CD0029B00E /* FirebaseFunctions */; };
		F75C29462D5274CD0029B00E /* FirebaseFunctionsCombine-Community in Frameworks */ = {isa = PBXBuildFile; productRef = F75C29452D5274CD0029B00E /* FirebaseFunctionsCombine-Community */; };
		F75C29482D5274CD0029B00E /* FirebaseInAppMessaging-Beta in Frameworks */ = {isa = PBXBuildFile; productRef = F75C29472D5274CD0029B00E /* FirebaseInAppMessaging-Beta */; };
		F75C294A2D5274CD0029B00E /* FirebaseInstallations in Frameworks */ = {isa = PBXBuildFile; productRef = F75C29492D5274CD0029B00E /* FirebaseInstallations */; };
		F75C294C2D5274CD0029B00E /* FirebaseMLModelDownloader in Frameworks */ = {isa = PBXBuildFile; productRef = F75C294B2D5274CD0029B00E /* FirebaseMLModelDownloader */; };
		F75C294E2D5274CD0029B00E /* FirebaseMessaging in Frameworks */ = {isa = PBXBuildFile; productRef = F75C294D2D5274CD0029B00E /* FirebaseMessaging */; };
		F75C29502D5274CD0029B00E /* FirebasePerformance in Frameworks */ = {isa = PBXBuildFile; productRef = F75C294F2D5274CD0029B00E /* FirebasePerformance */; };
		F75C29522D5274CD0029B00E /* FirebaseRemoteConfig in Frameworks */ = {isa = PBXBuildFile; productRef = F75C29512D5274CD0029B00E /* FirebaseRemoteConfig */; };
		F75C29542D5274CD0029B00E /* FirebaseStorage in Frameworks */ = {isa = PBXBuildFile; productRef = F75C29532D5274CD0029B00E /* FirebaseStorage */; };
		F75C29562D5274CD0029B00E /* FirebaseStorageCombine-Community in Frameworks */ = {isa = PBXBuildFile; productRef = F75C29552D5274CD0029B00E /* FirebaseStorageCombine-Community */; };
		F75C29582D5274CD0029B00E /* FirebaseVertexAI in Frameworks */ = {isa = PBXBuildFile; productRef = F75C29572D5274CD0029B00E /* FirebaseVertexAI */; };
		F7B89C8B2D52B3670057EA70 /* FirebaseService.swift in Sources */ = {isa = PBXBuildFile; fileRef = F7B89C8A2D52B3670057EA70 /* FirebaseService.swift */; };
		F7B89C8D2D52B6090057EA70 /* PreviewFirebaseService.swift in Sources */ = {isa = PBXBuildFile; fileRef = F7B89C8C2D52B6090057EA70 /* PreviewFirebaseService.swift */; };
		F7B89C8F2D52B9C20057EA70 /* User.swift in Sources */ = {isa = PBXBuildFile; fileRef = F7B89C8E2D52B9C20057EA70 /* User.swift */; };
/* End PBXBuildFile section */

/* Begin PBXContainerItemProxy section */
		F73EEAC52D519371008EBB3C /* PBXContainerItemProxy */ = {
			isa = PBXContainerItemProxy;
			containerPortal = F73EEAAC2D51936E008EBB3C /* Project object */;
			proxyType = 1;
			remoteGlobalIDString = F73EEAB32D51936E008EBB3C;
			remoteInfo = "Scroll Local";
		};
		F73EEACF2D519371008EBB3C /* PBXContainerItemProxy */ = {
			isa = PBXContainerItemProxy;
			containerPortal = F73EEAAC2D51936E008EBB3C /* Project object */;
			proxyType = 1;
			remoteGlobalIDString = F73EEAB32D51936E008EBB3C;
			remoteInfo = "Scroll Local";
		};
/* End PBXContainerItemProxy section */

/* Begin PBXFileReference section */
		F7071C452D52BB1400B97517 /* UserService.swift */ = {isa = PBXFileReference; fileEncoding = 4; lastKnownFileType = sourcecode.swift; path = UserService.swift; sourceTree = "<group>"; };
		F7071C772D52C2ED00B97517 /* Scroll_Local_Logo.jpg */ = {isa = PBXFileReference; lastKnownFileType = image.jpeg; path = Scroll_Local_Logo.jpg; sourceTree = "<group>"; };
		F7071C832D5321E400B97517 /* FeedViewModel.swift */ = {isa = PBXFileReference; fileEncoding = 4; lastKnownFileType = sourcecode.swift; path = FeedViewModel.swift; sourceTree = "<group>"; };
		F7071C872D53257C00B97517 /* Video.swift */ = {isa = PBXFileReference; lastKnownFileType = sourcecode.swift; path = Video.swift; sourceTree = "<group>"; };
		F7071C892D53B4D300B97517 /* UserInteraction.swift */ = {isa = PBXFileReference; lastKnownFileType = sourcecode.swift; path = UserInteraction.swift; sourceTree = "<group>"; };
		F71522752D52AF7600EC90EB /* LoginView.swift */ = {isa = PBXFileReference; lastKnownFileType = sourcecode.swift; path = LoginView.swift; sourceTree = "<group>"; };
		F73EEAB42D51936E008EBB3C /* Scroll_Local.app */ = {isa = PBXFileReference; explicitFileType = wrapper.application; includeInIndex = 0; path = Scroll_Local.app; sourceTree = BUILT_PRODUCTS_DIR; };
		F73EEAB72D51936E008EBB3C /* Scroll_LocalApp.swift */ = {isa = PBXFileReference; lastKnownFileType = sourcecode.swift; path = Scroll_LocalApp.swift; sourceTree = "<group>"; };
		F73EEAB92D51936E008EBB3C /* ContentView.swift */ = {isa = PBXFileReference; lastKnownFileType = sourcecode.swift; path = ContentView.swift; sourceTree = "<group>"; };
		F73EEABB2D519371008EBB3C /* Assets.xcassets */ = {isa = PBXFileReference; lastKnownFileType = folder.assetcatalog; path = Assets.xcassets; sourceTree = "<group>"; };
		F73EEABE2D519371008EBB3C /* Preview Assets.xcassets */ = {isa = PBXFileReference; lastKnownFileType = folder.assetcatalog; path = "Preview Assets.xcassets"; sourceTree = "<group>"; };
		F73EEAC42D519371008EBB3C /* Scroll_LocalTests.xctest */ = {isa = PBXFileReference; explicitFileType = wrapper.cfbundle; includeInIndex = 0; path = Scroll_LocalTests.xctest; sourceTree = BUILT_PRODUCTS_DIR; };
		F73EEAC82D519371008EBB3C /* Scroll_LocalTests.swift */ = {isa = PBXFileReference; lastKnownFileType = sourcecode.swift; path = Scroll_LocalTests.swift; sourceTree = "<group>"; };
		F73EEACE2D519371008EBB3C /* Scroll_LocalUITests.xctest */ = {isa = PBXFileReference; explicitFileType = wrapper.cfbundle; includeInIndex = 0; path = Scroll_LocalUITests.xctest; sourceTree = BUILT_PRODUCTS_DIR; };
		F73EEAD22D519371008EBB3C /* Scroll_LocalUITests.swift */ = {isa = PBXFileReference; lastKnownFileType = sourcecode.swift; path = Scroll_LocalUITests.swift; sourceTree = "<group>"; };
		F73EEAD42D519371008EBB3C /* Scroll_LocalUITestsLaunchTests.swift */ = {isa = PBXFileReference; lastKnownFileType = sourcecode.swift; path = Scroll_LocalUITestsLaunchTests.swift; sourceTree = "<group>"; };
		F73EEAEF2D51AB71008EBB3C /* FeedView.swift */ = {isa = PBXFileReference; lastKnownFileType = sourcecode.swift; path = FeedView.swift; sourceTree = "<group>"; };
		F73EEAF12D51BBAD008EBB3C /* ProfileView.swift */ = {isa = PBXFileReference; lastKnownFileType = sourcecode.swift; path = ProfileView.swift; sourceTree = "<group>"; };
		F73EEAF32D51BD6C008EBB3C /* MessagesView.swift */ = {isa = PBXFileReference; lastKnownFileType = sourcecode.swift; path = MessagesView.swift; sourceTree = "<group>"; };
		F73EEAF52D51BD7D008EBB3C /* NotificationsView.swift */ = {isa = PBXFileReference; lastKnownFileType = sourcecode.swift; path = NotificationsView.swift; sourceTree = "<group>"; };
		F73EEAF92D51D507008EBB3C /* OtherUserProfileView.swift */ = {isa = PBXFileReference; lastKnownFileType = sourcecode.swift; path = OtherUserProfileView.swift; sourceTree = "<group>"; };
		F73EEAFB2D5267A1008EBB3C /* GoogleService-Info.plist */ = {isa = PBXFileReference; fileEncoding = 4; lastKnownFileType = text.plist.xml; path = "GoogleService-Info.plist"; sourceTree = "<group>"; };
		F7B89C8A2D52B3670057EA70 /* FirebaseService.swift */ = {isa = PBXFileReference; lastKnownFileType = sourcecode.swift; path = FirebaseService.swift; sourceTree = "<group>"; };
		F7B89C8C2D52B6090057EA70 /* PreviewFirebaseService.swift */ = {isa = PBXFileReference; lastKnownFileType = sourcecode.swift; path = PreviewFirebaseService.swift; sourceTree = "<group>"; };
		F7B89C8E2D52B9C20057EA70 /* User.swift */ = {isa = PBXFileReference; fileEncoding = 4; lastKnownFileType = sourcecode.swift; path = User.swift; sourceTree = "<group>"; };
/* End PBXFileReference section */

/* Begin PBXFrameworksBuildPhase section */
		F73EEAB12D51936E008EBB3C /* Frameworks */ = {
			isa = PBXFrameworksBuildPhase;
			buildActionMask = 2147483647;
			files = (
				F7071C502D52BC1600B97517 /* FirebaseAppDistribution-Beta in Frameworks */,
				F7071C522D52BC1600B97517 /* FirebaseAuth in Frameworks */,
				F75C29422D5274CD0029B00E /* FirebaseFirestoreCombine-Community in Frameworks */,
				F75C29582D5274CD0029B00E /* FirebaseVertexAI in Frameworks */,
				F75C29442D5274CD0029B00E /* FirebaseFunctions in Frameworks */,
				F7071C5E2D52BC1600B97517 /* FirebaseFirestore in Frameworks */,
				F7071C4A2D52BC1600B97517 /* FirebaseAnalyticsOnDeviceConversion in Frameworks */,
				F7071C642D52BC1600B97517 /* FirebaseFunctionsCombine-Community in Frameworks */,
				F7071C702D52BC1600B97517 /* FirebaseRemoteConfig in Frameworks */,
				F75C29502D5274CD0029B00E /* FirebasePerformance in Frameworks */,
				F7071C722D52BC1600B97517 /* FirebaseStorage in Frameworks */,
				F75C29562D5274CD0029B00E /* FirebaseStorageCombine-Community in Frameworks */,
				F75C29522D5274CD0029B00E /* FirebaseRemoteConfig in Frameworks */,
				F7071C682D52BC1600B97517 /* FirebaseInstallations in Frameworks */,
				F7071C742D52BC1600B97517 /* FirebaseStorageCombine-Community in Frameworks */,
				F7071C4C2D52BC1600B97517 /* FirebaseAnalyticsWithoutAdIdSupport in Frameworks */,
				F75C293C2D5274CD0029B00E /* FirebaseDatabase in Frameworks */,
				F75C293E2D5274CD0029B00E /* FirebaseDynamicLinks in Frameworks */,
				F75C29342D5274CD0029B00E /* FirebaseAuth in Frameworks */,
				F75C292A2D5274CD0029B00E /* FirebaseAnalytics in Frameworks */,
				F75C29402D5274CD0029B00E /* FirebaseFirestore in Frameworks */,
				F7071C662D52BC1600B97517 /* FirebaseInAppMessaging-Beta in Frameworks */,
				F75C294E2D5274CD0029B00E /* FirebaseMessaging in Frameworks */,
				F7071C762D52BC1600B97517 /* FirebaseVertexAI in Frameworks */,
				F7071C6E2D52BC1600B97517 /* FirebasePerformance in Frameworks */,
				F7071C7B2D530C2000B97517 /* GoogleSignIn in Frameworks */,
				F75C294A2D5274CD0029B00E /* FirebaseInstallations in Frameworks */,
				F7071C5C2D52BC1600B97517 /* FirebaseDynamicLinks in Frameworks */,
				F75C29462D5274CD0029B00E /* FirebaseFunctionsCombine-Community in Frameworks */,
				F75C29322D5274CD0029B00E /* FirebaseAppDistribution-Beta in Frameworks */,
				F7071C542D52BC1600B97517 /* FirebaseAuthCombine-Community in Frameworks */,
				F7071C6A2D52BC1600B97517 /* FirebaseMLModelDownloader in Frameworks */,
				F7071C562D52BC1600B97517 /* FirebaseCore in Frameworks */,
				F75C292E2D5274CD0029B00E /* FirebaseAnalyticsWithoutAdIdSupport in Frameworks */,
				F7071C5A2D52BC1600B97517 /* FirebaseDatabase in Frameworks */,
				F75C29482D5274CD0029B00E /* FirebaseInAppMessaging-Beta in Frameworks */,
				F75C29362D5274CD0029B00E /* FirebaseAuthCombine-Community in Frameworks */,
				F7071C622D52BC1600B97517 /* FirebaseFunctions in Frameworks */,
				F75C293A2D5274CD0029B00E /* FirebaseCrashlytics in Frameworks */,
				F7071C582D52BC1600B97517 /* FirebaseCrashlytics in Frameworks */,
				F7071C602D52BC1600B97517 /* FirebaseFirestoreCombine-Community in Frameworks */,
				F75C294C2D5274CD0029B00E /* FirebaseMLModelDownloader in Frameworks */,
				F75C29542D5274CD0029B00E /* FirebaseStorage in Frameworks */,
				F7071C7D2D530C2000B97517 /* GoogleSignInSwift in Frameworks */,
				F75C29382D5274CD0029B00E /* FirebaseCore in Frameworks */,
				F7071C482D52BC1600B97517 /* FirebaseAnalytics in Frameworks */,
				F75C292C2D5274CD0029B00E /* FirebaseAnalyticsOnDeviceConversion in Frameworks */,
				F7071C6C2D52BC1600B97517 /* FirebaseMessaging in Frameworks */,
			);
			runOnlyForDeploymentPostprocessing = 0;
		};
		F73EEAC12D519371008EBB3C /* Frameworks */ = {
			isa = PBXFrameworksBuildPhase;
			buildActionMask = 2147483647;
			files = (
			);
			runOnlyForDeploymentPostprocessing = 0;
		};
		F73EEACB2D519371008EBB3C /* Frameworks */ = {
			isa = PBXFrameworksBuildPhase;
			buildActionMask = 2147483647;
			files = (
			);
			runOnlyForDeploymentPostprocessing = 0;
		};
/* End PBXFrameworksBuildPhase section */

/* Begin PBXGroup section */
		F7071C422D52BACF00B97517 /* Services */ = {
			isa = PBXGroup;
			children = (
				F7071C452D52BB1400B97517 /* UserService.swift */,
			);
			path = Services;
			sourceTree = "<group>";
		};
		F7071C802D53217300B97517 /* ViewModels */ = {
			isa = PBXGroup;
			children = (
				F7071C832D5321E400B97517 /* FeedViewModel.swift */,
			);
			path = ViewModels;
			sourceTree = "<group>";
		};
		F73EEAAB2D51936E008EBB3C = {
			isa = PBXGroup;
			children = (
				F73EEAB62D51936E008EBB3C /* Scroll Local */,
				F73EEAC72D519371008EBB3C /* Scroll LocalTests */,
				F73EEAD12D519371008EBB3C /* Scroll LocalUITests */,
				F73EEAB52D51936E008EBB3C /* Products */,
			);
			sourceTree = "<group>";
		};
		F73EEAB52D51936E008EBB3C /* Products */ = {
			isa = PBXGroup;
			children = (
				F73EEAB42D51936E008EBB3C /* Scroll_Local.app */,
				F73EEAC42D519371008EBB3C /* Scroll_LocalTests.xctest */,
				F73EEACE2D519371008EBB3C /* Scroll_LocalUITests.xctest */,
			);
			name = Products;
			sourceTree = "<group>";
		};
		F73EEAB62D51936E008EBB3C /* Scroll Local */ = {
			isa = PBXGroup;
			children = (
				F7071C802D53217300B97517 /* ViewModels */,
				F7071C422D52BACF00B97517 /* Services */,
				F7B89C902D52B9D50057EA70 /* Models */,
				F73EEAFB2D5267A1008EBB3C /* GoogleService-Info.plist */,
				F73EEAEE2D51AB4E008EBB3C /* Views */,
				F73EEAB72D51936E008EBB3C /* Scroll_LocalApp.swift */,
				F73EEAB92D51936E008EBB3C /* ContentView.swift */,
				F7071C772D52C2ED00B97517 /* Scroll_Local_Logo.jpg */,
				F73EEABB2D519371008EBB3C /* Assets.xcassets */,
				F73EEABD2D519371008EBB3C /* Preview Content */,
				F7B89C8A2D52B3670057EA70 /* FirebaseService.swift */,
			);
			path = "Scroll Local";
			sourceTree = "<group>";
		};
		F73EEABD2D519371008EBB3C /* Preview Content */ = {
			isa = PBXGroup;
			children = (
				F73EEABE2D519371008EBB3C /* Preview Assets.xcassets */,
				F7B89C8C2D52B6090057EA70 /* PreviewFirebaseService.swift */,
			);
			path = "Preview Content";
			sourceTree = "<group>";
		};
		F73EEAC72D519371008EBB3C /* Scroll LocalTests */ = {
			isa = PBXGroup;
			children = (
				F73EEAC82D519371008EBB3C /* Scroll_LocalTests.swift */,
			);
			path = "Scroll LocalTests";
			sourceTree = "<group>";
		};
		F73EEAD12D519371008EBB3C /* Scroll LocalUITests */ = {
			isa = PBXGroup;
			children = (
				F73EEAD22D519371008EBB3C /* Scroll_LocalUITests.swift */,
				F73EEAD42D519371008EBB3C /* Scroll_LocalUITestsLaunchTests.swift */,
			);
			path = "Scroll LocalUITests";
			sourceTree = "<group>";
		};
		F73EEAEE2D51AB4E008EBB3C /* Views */ = {
			isa = PBXGroup;
			children = (
				F73EEAEF2D51AB71008EBB3C /* FeedView.swift */,
				F73EEAF12D51BBAD008EBB3C /* ProfileView.swift */,
				F73EEAF32D51BD6C008EBB3C /* MessagesView.swift */,
				F73EEAF52D51BD7D008EBB3C /* NotificationsView.swift */,
				F73EEAF92D51D507008EBB3C /* OtherUserProfileView.swift */,
				F71522752D52AF7600EC90EB /* LoginView.swift */,
			);
			path = Views;
			sourceTree = "<group>";
		};
		F7B89C902D52B9D50057EA70 /* Models */ = {
			isa = PBXGroup;
			children = (
				F7B89C8E2D52B9C20057EA70 /* User.swift */,
				F7071C872D53257C00B97517 /* Video.swift */,
				F7071C892D53B4D300B97517 /* UserInteraction.swift */,
			);
			path = Models;
			sourceTree = "<group>";
		};
/* End PBXGroup section */

/* Begin PBXNativeTarget section */
		F73EEAB32D51936E008EBB3C /* Scroll_Local */ = {
			isa = PBXNativeTarget;
			buildConfigurationList = F73EEAD82D519371008EBB3C /* Build configuration list for PBXNativeTarget "Scroll_Local" */;
			buildPhases = (
				F73EEAB02D51936E008EBB3C /* Sources */,
				F73EEAB12D51936E008EBB3C /* Frameworks */,
				F73EEAB22D51936E008EBB3C /* Resources */,
			);
			buildRules = (
			);
			dependencies = (
			);
			name = Scroll_Local;
			packageProductDependencies = (
				F75C29292D5274CD0029B00E /* FirebaseAnalytics */,
				F75C292B2D5274CD0029B00E /* FirebaseAnalyticsOnDeviceConversion */,
				F75C292D2D5274CD0029B00E /* FirebaseAnalyticsWithoutAdIdSupport */,
				F75C29312D5274CD0029B00E /* FirebaseAppDistribution-Beta */,
				F75C29332D5274CD0029B00E /* FirebaseAuth */,
				F75C29352D5274CD0029B00E /* FirebaseAuthCombine-Community */,
				F75C29372D5274CD0029B00E /* FirebaseCore */,
				F75C29392D5274CD0029B00E /* FirebaseCrashlytics */,
				F75C293B2D5274CD0029B00E /* FirebaseDatabase */,
				F75C293D2D5274CD0029B00E /* FirebaseDynamicLinks */,
				F75C293F2D5274CD0029B00E /* FirebaseFirestore */,
				F75C29412D5274CD0029B00E /* FirebaseFirestoreCombine-Community */,
				F75C29432D5274CD0029B00E /* FirebaseFunctions */,
				F75C29452D5274CD0029B00E /* FirebaseFunctionsCombine-Community */,
				F75C29472D5274CD0029B00E /* FirebaseInAppMessaging-Beta */,
				F75C29492D5274CD0029B00E /* FirebaseInstallations */,
				F75C294B2D5274CD0029B00E /* FirebaseMLModelDownloader */,
				F75C294D2D5274CD0029B00E /* FirebaseMessaging */,
				F75C294F2D5274CD0029B00E /* FirebasePerformance */,
				F75C29512D5274CD0029B00E /* FirebaseRemoteConfig */,
				F75C29532D5274CD0029B00E /* FirebaseStorage */,
				F75C29552D5274CD0029B00E /* FirebaseStorageCombine-Community */,
				F75C29572D5274CD0029B00E /* FirebaseVertexAI */,
				F7071C472D52BC1600B97517 /* FirebaseAnalytics */,
				F7071C492D52BC1600B97517 /* FirebaseAnalyticsOnDeviceConversion */,
				F7071C4B2D52BC1600B97517 /* FirebaseAnalyticsWithoutAdIdSupport */,
				F7071C4F2D52BC1600B97517 /* FirebaseAppDistribution-Beta */,
				F7071C512D52BC1600B97517 /* FirebaseAuth */,
				F7071C532D52BC1600B97517 /* FirebaseAuthCombine-Community */,
				F7071C552D52BC1600B97517 /* FirebaseCore */,
				F7071C572D52BC1600B97517 /* FirebaseCrashlytics */,
				F7071C592D52BC1600B97517 /* FirebaseDatabase */,
				F7071C5B2D52BC1600B97517 /* FirebaseDynamicLinks */,
				F7071C5D2D52BC1600B97517 /* FirebaseFirestore */,
				F7071C5F2D52BC1600B97517 /* FirebaseFirestoreCombine-Community */,
				F7071C612D52BC1600B97517 /* FirebaseFunctions */,
				F7071C632D52BC1600B97517 /* FirebaseFunctionsCombine-Community */,
				F7071C652D52BC1600B97517 /* FirebaseInAppMessaging-Beta */,
				F7071C672D52BC1600B97517 /* FirebaseInstallations */,
				F7071C692D52BC1600B97517 /* FirebaseMLModelDownloader */,
				F7071C6B2D52BC1600B97517 /* FirebaseMessaging */,
				F7071C6D2D52BC1600B97517 /* FirebasePerformance */,
				F7071C6F2D52BC1600B97517 /* FirebaseRemoteConfig */,
				F7071C712D52BC1600B97517 /* FirebaseStorage */,
				F7071C732D52BC1600B97517 /* FirebaseStorageCombine-Community */,
				F7071C752D52BC1600B97517 /* FirebaseVertexAI */,
				F7071C7A2D530C2000B97517 /* GoogleSignIn */,
				F7071C7C2D530C2000B97517 /* GoogleSignInSwift */,
			);
			productName = "Scroll Local";
			productReference = F73EEAB42D51936E008EBB3C /* Scroll_Local.app */;
			productType = "com.apple.product-type.application";
		};
		F73EEAC32D519371008EBB3C /* Scroll_LocalTests */ = {
			isa = PBXNativeTarget;
			buildConfigurationList = F73EEADB2D519371008EBB3C /* Build configuration list for PBXNativeTarget "Scroll_LocalTests" */;
			buildPhases = (
				F73EEAC02D519371008EBB3C /* Sources */,
				F73EEAC12D519371008EBB3C /* Frameworks */,
				F73EEAC22D519371008EBB3C /* Resources */,
			);
			buildRules = (
			);
			dependencies = (
				F73EEAC62D519371008EBB3C /* PBXTargetDependency */,
			);
			name = Scroll_LocalTests;
			productName = "Scroll LocalTests";
			productReference = F73EEAC42D519371008EBB3C /* Scroll_LocalTests.xctest */;
			productType = "com.apple.product-type.bundle.unit-test";
		};
		F73EEACD2D519371008EBB3C /* Scroll_LocalUITests */ = {
			isa = PBXNativeTarget;
			buildConfigurationList = F73EEADE2D519371008EBB3C /* Build configuration list for PBXNativeTarget "Scroll_LocalUITests" */;
			buildPhases = (
				F73EEACA2D519371008EBB3C /* Sources */,
				F73EEACB2D519371008EBB3C /* Frameworks */,
				F73EEACC2D519371008EBB3C /* Resources */,
			);
			buildRules = (
			);
			dependencies = (
				F73EEAD02D519371008EBB3C /* PBXTargetDependency */,
			);
			name = Scroll_LocalUITests;
			productName = "Scroll LocalUITests";
			productReference = F73EEACE2D519371008EBB3C /* Scroll_LocalUITests.xctest */;
			productType = "com.apple.product-type.bundle.ui-testing";
		};
/* End PBXNativeTarget section */

/* Begin PBXProject section */
		F73EEAAC2D51936E008EBB3C /* Project object */ = {
			isa = PBXProject;
			attributes = {
				BuildIndependentTargetsInParallel = 1;
				LastSwiftUpdateCheck = 1520;
				LastUpgradeCheck = 1520;
				TargetAttributes = {
					F73EEAB32D51936E008EBB3C = {
						CreatedOnToolsVersion = 15.2;
					};
					F73EEAC32D519371008EBB3C = {
						CreatedOnToolsVersion = 15.2;
						TestTargetID = F73EEAB32D51936E008EBB3C;
					};
					F73EEACD2D519371008EBB3C = {
						CreatedOnToolsVersion = 15.2;
						TestTargetID = F73EEAB32D51936E008EBB3C;
					};
				};
			};
			buildConfigurationList = F73EEAAF2D51936E008EBB3C /* Build configuration list for PBXProject "Scroll_Local" */;
			compatibilityVersion = "Xcode 14.0";
			developmentRegion = en;
			hasScannedForEncodings = 0;
			knownRegions = (
				en,
				Base,
			);
			mainGroup = F73EEAAB2D51936E008EBB3C;
			packageReferences = (
				F73EEAFD2D526987008EBB3C /* XCRemoteSwiftPackageReference "firebase-ios-sdk" */,
				F7071C792D530C2000B97517 /* XCRemoteSwiftPackageReference "GoogleSignIn-iOS" */,
			);
			productRefGroup = F73EEAB52D51936E008EBB3C /* Products */;
			projectDirPath = "";
			projectRoot = "";
			targets = (
				F73EEAB32D51936E008EBB3C /* Scroll_Local */,
				F73EEAC32D519371008EBB3C /* Scroll_LocalTests */,
				F73EEACD2D519371008EBB3C /* Scroll_LocalUITests */,
			);
		};
/* End PBXProject section */

/* Begin PBXResourcesBuildPhase section */
		F73EEAB22D51936E008EBB3C /* Resources */ = {
			isa = PBXResourcesBuildPhase;
			buildActionMask = 2147483647;
			files = (
				F73EEABF2D519371008EBB3C /* Preview Assets.xcassets in Resources */,
				F7071C782D52C2ED00B97517 /* Scroll_Local_Logo.jpg in Resources */,
				F73EEABC2D519371008EBB3C /* Assets.xcassets in Resources */,
				F73EEAFC2D5267A1008EBB3C /* GoogleService-Info.plist in Resources */,
			);
			runOnlyForDeploymentPostprocessing = 0;
		};
		F73EEAC22D519371008EBB3C /* Resources */ = {
			isa = PBXResourcesBuildPhase;
			buildActionMask = 2147483647;
			files = (
			);
			runOnlyForDeploymentPostprocessing = 0;
		};
		F73EEACC2D519371008EBB3C /* Resources */ = {
			isa = PBXResourcesBuildPhase;
			buildActionMask = 2147483647;
			files = (
			);
			runOnlyForDeploymentPostprocessing = 0;
		};
/* End PBXResourcesBuildPhase section */

/* Begin PBXSourcesBuildPhase section */
		F73EEAB02D51936E008EBB3C /* Sources */ = {
			isa = PBXSourcesBuildPhase;
			buildActionMask = 2147483647;
			files = (
				F7071C842D5321E400B97517 /* FeedViewModel.swift in Sources */,
				F73EEAFA2D51D507008EBB3C /* OtherUserProfileView.swift in Sources */,
				F73EEAF42D51BD6C008EBB3C /* MessagesView.swift in Sources */,
				F71522762D52AF7600EC90EB /* LoginView.swift in Sources */,
				F7B89C8D2D52B6090057EA70 /* PreviewFirebaseService.swift in Sources */,
				F7071C882D53257C00B97517 /* Video.swift in Sources */,
				F73EEAF22D51BBAD008EBB3C /* ProfileView.swift in Sources */,
				F73EEABA2D51936E008EBB3C /* ContentView.swift in Sources */,
				F7B89C8B2D52B3670057EA70 /* FirebaseService.swift in Sources */,
				F73EEAF02D51AB71008EBB3C /* FeedView.swift in Sources */,
				F7071C462D52BB1400B97517 /* UserService.swift in Sources */,
				F7071C8A2D53B4D300B97517 /* UserInteraction.swift in Sources */,
				F73EEAB82D51936E008EBB3C /* Scroll_LocalApp.swift in Sources */,
				F73EEAF62D51BD7D008EBB3C /* NotificationsView.swift in Sources */,
				F7B89C8F2D52B9C20057EA70 /* User.swift in Sources */,
			);
			runOnlyForDeploymentPostprocessing = 0;
		};
		F73EEAC02D519371008EBB3C /* Sources */ = {
			isa = PBXSourcesBuildPhase;
			buildActionMask = 2147483647;
			files = (
				F73EEAC92D519371008EBB3C /* Scroll_LocalTests.swift in Sources */,
			);
			runOnlyForDeploymentPostprocessing = 0;
		};
		F73EEACA2D519371008EBB3C /* Sources */ = {
			isa = PBXSourcesBuildPhase;
			buildActionMask = 2147483647;
			files = (
				F73EEAD32D519371008EBB3C /* Scroll_LocalUITests.swift in Sources */,
				F73EEAD52D519371008EBB3C /* Scroll_LocalUITestsLaunchTests.swift in Sources */,
			);
			runOnlyForDeploymentPostprocessing = 0;
		};
/* End PBXSourcesBuildPhase section */

/* Begin PBXTargetDependency section */
		F73EEAC62D519371008EBB3C /* PBXTargetDependency */ = {
			isa = PBXTargetDependency;
			target = F73EEAB32D51936E008EBB3C /* Scroll_Local */;
			targetProxy = F73EEAC52D519371008EBB3C /* PBXContainerItemProxy */;
		};
		F73EEAD02D519371008EBB3C /* PBXTargetDependency */ = {
			isa = PBXTargetDependency;
			target = F73EEAB32D51936E008EBB3C /* Scroll_Local */;
			targetProxy = F73EEACF2D519371008EBB3C /* PBXContainerItemProxy */;
		};
/* End PBXTargetDependency section */

/* Begin XCBuildConfiguration section */
		F73EEAD62D519371008EBB3C /* Debug */ = {
			isa = XCBuildConfiguration;
			buildSettings = {
				ALWAYS_SEARCH_USER_PATHS = NO;
				ASSETCATALOG_COMPILER_GENERATE_SWIFT_ASSET_SYMBOL_EXTENSIONS = YES;
				CLANG_ANALYZER_NONNULL = YES;
				CLANG_ANALYZER_NUMBER_OBJECT_CONVERSION = YES_AGGRESSIVE;
				CLANG_CXX_LANGUAGE_STANDARD = "gnu++20";
				CLANG_ENABLE_MODULES = YES;
				CLANG_ENABLE_OBJC_ARC = YES;
				CLANG_ENABLE_OBJC_WEAK = YES;
				CLANG_WARN_BLOCK_CAPTURE_AUTORELEASING = YES;
				CLANG_WARN_BOOL_CONVERSION = YES;
				CLANG_WARN_COMMA = YES;
				CLANG_WARN_CONSTANT_CONVERSION = YES;
				CLANG_WARN_DEPRECATED_OBJC_IMPLEMENTATIONS = YES;
				CLANG_WARN_DIRECT_OBJC_ISA_USAGE = YES_ERROR;
				CLANG_WARN_DOCUMENTATION_COMMENTS = YES;
				CLANG_WARN_EMPTY_BODY = YES;
				CLANG_WARN_ENUM_CONVERSION = YES;
				CLANG_WARN_INFINITE_RECURSION = YES;
				CLANG_WARN_INT_CONVERSION = YES;
				CLANG_WARN_NON_LITERAL_NULL_CONVERSION = YES;
				CLANG_WARN_OBJC_IMPLICIT_RETAIN_SELF = YES;
				CLANG_WARN_OBJC_LITERAL_CONVERSION = YES;
				CLANG_WARN_OBJC_ROOT_CLASS = YES_ERROR;
				CLANG_WARN_QUOTED_INCLUDE_IN_FRAMEWORK_HEADER = YES;
				CLANG_WARN_RANGE_LOOP_ANALYSIS = YES;
				CLANG_WARN_STRICT_PROTOTYPES = YES;
				CLANG_WARN_SUSPICIOUS_MOVE = YES;
				CLANG_WARN_UNGUARDED_AVAILABILITY = YES_AGGRESSIVE;
				CLANG_WARN_UNREACHABLE_CODE = YES;
				CLANG_WARN__DUPLICATE_METHOD_MATCH = YES;
				COPY_PHASE_STRIP = NO;
				DEBUG_INFORMATION_FORMAT = dwarf;
				ENABLE_STRICT_OBJC_MSGSEND = YES;
				ENABLE_TESTABILITY = YES;
				ENABLE_USER_SCRIPT_SANDBOXING = YES;
				GCC_C_LANGUAGE_STANDARD = gnu17;
				GCC_DYNAMIC_NO_PIC = NO;
				GCC_NO_COMMON_BLOCKS = YES;
				GCC_OPTIMIZATION_LEVEL = 0;
				GCC_PREPROCESSOR_DEFINITIONS = (
					"DEBUG=1",
					"$(inherited)",
				);
				GCC_WARN_64_TO_32_BIT_CONVERSION = YES;
				GCC_WARN_ABOUT_RETURN_TYPE = YES_ERROR;
				GCC_WARN_UNDECLARED_SELECTOR = YES;
				GCC_WARN_UNINITIALIZED_AUTOS = YES_AGGRESSIVE;
				GCC_WARN_UNUSED_FUNCTION = YES;
				GCC_WARN_UNUSED_VARIABLE = YES;
				IPHONEOS_DEPLOYMENT_TARGET = 17.2;
				LOCALIZATION_PREFERS_STRING_CATALOGS = YES;
				MTL_ENABLE_DEBUG_INFO = INCLUDE_SOURCE;
				MTL_FAST_MATH = YES;
				ONLY_ACTIVE_ARCH = YES;
				SDKROOT = iphoneos;
				SWIFT_ACTIVE_COMPILATION_CONDITIONS = "DEBUG $(inherited)";
				SWIFT_OPTIMIZATION_LEVEL = "-Onone";
			};
			name = Debug;
		};
		F73EEAD72D519371008EBB3C /* Release */ = {
			isa = XCBuildConfiguration;
			buildSettings = {
				ALWAYS_SEARCH_USER_PATHS = NO;
				ASSETCATALOG_COMPILER_GENERATE_SWIFT_ASSET_SYMBOL_EXTENSIONS = YES;
				CLANG_ANALYZER_NONNULL = YES;
				CLANG_ANALYZER_NUMBER_OBJECT_CONVERSION = YES_AGGRESSIVE;
				CLANG_CXX_LANGUAGE_STANDARD = "gnu++20";
				CLANG_ENABLE_MODULES = YES;
				CLANG_ENABLE_OBJC_ARC = YES;
				CLANG_ENABLE_OBJC_WEAK = YES;
				CLANG_WARN_BLOCK_CAPTURE_AUTORELEASING = YES;
				CLANG_WARN_BOOL_CONVERSION = YES;
				CLANG_WARN_COMMA = YES;
				CLANG_WARN_CONSTANT_CONVERSION = YES;
				CLANG_WARN_DEPRECATED_OBJC_IMPLEMENTATIONS = YES;
				CLANG_WARN_DIRECT_OBJC_ISA_USAGE = YES_ERROR;
				CLANG_WARN_DOCUMENTATION_COMMENTS = YES;
				CLANG_WARN_EMPTY_BODY = YES;
				CLANG_WARN_ENUM_CONVERSION = YES;
				CLANG_WARN_INFINITE_RECURSION = YES;
				CLANG_WARN_INT_CONVERSION = YES;
				CLANG_WARN_NON_LITERAL_NULL_CONVERSION = YES;
				CLANG_WARN_OBJC_IMPLICIT_RETAIN_SELF = YES;
				CLANG_WARN_OBJC_LITERAL_CONVERSION = YES;
				CLANG_WARN_OBJC_ROOT_CLASS = YES_ERROR;
				CLANG_WARN_QUOTED_INCLUDE_IN_FRAMEWORK_HEADER = YES;
				CLANG_WARN_RANGE_LOOP_ANALYSIS = YES;
				CLANG_WARN_STRICT_PROTOTYPES = YES;
				CLANG_WARN_SUSPICIOUS_MOVE = YES;
				CLANG_WARN_UNGUARDED_AVAILABILITY = YES_AGGRESSIVE;
				CLANG_WARN_UNREACHABLE_CODE = YES;
				CLANG_WARN__DUPLICATE_METHOD_MATCH = YES;
				COPY_PHASE_STRIP = NO;
				DEBUG_INFORMATION_FORMAT = "dwarf-with-dsym";
				ENABLE_NS_ASSERTIONS = NO;
				ENABLE_STRICT_OBJC_MSGSEND = YES;
				ENABLE_USER_SCRIPT_SANDBOXING = YES;
				GCC_C_LANGUAGE_STANDARD = gnu17;
				GCC_NO_COMMON_BLOCKS = YES;
				GCC_WARN_64_TO_32_BIT_CONVERSION = YES;
				GCC_WARN_ABOUT_RETURN_TYPE = YES_ERROR;
				GCC_WARN_UNDECLARED_SELECTOR = YES;
				GCC_WARN_UNINITIALIZED_AUTOS = YES_AGGRESSIVE;
				GCC_WARN_UNUSED_FUNCTION = YES;
				GCC_WARN_UNUSED_VARIABLE = YES;
				IPHONEOS_DEPLOYMENT_TARGET = 17.2;
				LOCALIZATION_PREFERS_STRING_CATALOGS = YES;
				MTL_ENABLE_DEBUG_INFO = NO;
				MTL_FAST_MATH = YES;
				SDKROOT = iphoneos;
				SWIFT_COMPILATION_MODE = wholemodule;
				VALIDATE_PRODUCT = YES;
			};
			name = Release;
		};
		F73EEAD92D519371008EBB3C /* Debug */ = {
			isa = XCBuildConfiguration;
			buildSettings = {
				ASSETCATALOG_COMPILER_APPICON_NAME = AppIcon;
				ASSETCATALOG_COMPILER_GLOBAL_ACCENT_COLOR_NAME = AccentColor;
				CODE_SIGN_STYLE = Automatic;
				CURRENT_PROJECT_VERSION = 1;
				DEVELOPMENT_ASSET_PATHS = "\"Scroll Local/Preview Content\"";
				DEVELOPMENT_TEAM = TSP8BAB8CW;
				ENABLE_PREVIEWS = YES;
				GENERATE_INFOPLIST_FILE = YES;
				INFOPLIST_KEY_UIApplicationSceneManifest_Generation = YES;
				INFOPLIST_KEY_UIApplicationSupportsIndirectInputEvents = YES;
				INFOPLIST_KEY_UILaunchScreen_Generation = YES;
				INFOPLIST_KEY_UISupportedInterfaceOrientations_iPad = "UIInterfaceOrientationPortrait UIInterfaceOrientationPortraitUpsideDown UIInterfaceOrientationLandscapeLeft UIInterfaceOrientationLandscapeRight";
				INFOPLIST_KEY_UISupportedInterfaceOrientations_iPhone = "UIInterfaceOrientationPortrait UIInterfaceOrientationLandscapeLeft UIInterfaceOrientationLandscapeRight";
				LD_RUNPATH_SEARCH_PATHS = (
					"$(inherited)",
					"@executable_path/Frameworks",
				);
				MARKETING_VERSION = 1.0;
				PRODUCT_BUNDLE_IDENTIFIER = "com.GauntletAI.Scroll-Local";
				PRODUCT_NAME = "$(TARGET_NAME)";
				SWIFT_EMIT_LOC_STRINGS = YES;
				SWIFT_VERSION = 5.0;
				TARGETED_DEVICE_FAMILY = "1,2";
			};
			name = Debug;
		};
		F73EEADA2D519371008EBB3C /* Release */ = {
			isa = XCBuildConfiguration;
			buildSettings = {
				ASSETCATALOG_COMPILER_APPICON_NAME = AppIcon;
				ASSETCATALOG_COMPILER_GLOBAL_ACCENT_COLOR_NAME = AccentColor;
				CODE_SIGN_STYLE = Automatic;
				CURRENT_PROJECT_VERSION = 1;
				DEVELOPMENT_ASSET_PATHS = "\"Scroll Local/Preview Content\"";
				DEVELOPMENT_TEAM = TSP8BAB8CW;
				ENABLE_PREVIEWS = YES;
				GENERATE_INFOPLIST_FILE = YES;
				INFOPLIST_KEY_UIApplicationSceneManifest_Generation = YES;
				INFOPLIST_KEY_UIApplicationSupportsIndirectInputEvents = YES;
				INFOPLIST_KEY_UILaunchScreen_Generation = YES;
				INFOPLIST_KEY_UISupportedInterfaceOrientations_iPad = "UIInterfaceOrientationPortrait UIInterfaceOrientationPortraitUpsideDown UIInterfaceOrientationLandscapeLeft UIInterfaceOrientationLandscapeRight";
				INFOPLIST_KEY_UISupportedInterfaceOrientations_iPhone = "UIInterfaceOrientationPortrait UIInterfaceOrientationLandscapeLeft UIInterfaceOrientationLandscapeRight";
				LD_RUNPATH_SEARCH_PATHS = (
					"$(inherited)",
					"@executable_path/Frameworks",
				);
				MARKETING_VERSION = 1.0;
				PRODUCT_BUNDLE_IDENTIFIER = "com.GauntletAI.Scroll-Local";
				PRODUCT_NAME = "$(TARGET_NAME)";
				SWIFT_EMIT_LOC_STRINGS = YES;
				SWIFT_VERSION = 5.0;
				TARGETED_DEVICE_FAMILY = "1,2";
			};
			name = Release;
		};
		F73EEADC2D519371008EBB3C /* Debug */ = {
			isa = XCBuildConfiguration;
			buildSettings = {
				ALWAYS_EMBED_SWIFT_STANDARD_LIBRARIES = YES;
				BUNDLE_LOADER = "$(TEST_HOST)";
				CODE_SIGN_STYLE = Automatic;
				CURRENT_PROJECT_VERSION = 1;
				GENERATE_INFOPLIST_FILE = YES;
				IPHONEOS_DEPLOYMENT_TARGET = 17.2;
				MARKETING_VERSION = 1.0;
				PRODUCT_BUNDLE_IDENTIFIER = "com.GauntletAI.Scroll-LocalTests";
				PRODUCT_NAME = "$(TARGET_NAME)";
				SWIFT_EMIT_LOC_STRINGS = NO;
				SWIFT_VERSION = 5.0;
				TARGETED_DEVICE_FAMILY = "1,2";
				TEST_HOST = "$(BUILT_PRODUCTS_DIR)/Scroll_Local.app/$(BUNDLE_EXECUTABLE_FOLDER_PATH)/Scroll_Local";
			};
			name = Debug;
		};
		F73EEADD2D519371008EBB3C /* Release */ = {
			isa = XCBuildConfiguration;
			buildSettings = {
				ALWAYS_EMBED_SWIFT_STANDARD_LIBRARIES = YES;
				BUNDLE_LOADER = "$(TEST_HOST)";
				CODE_SIGN_STYLE = Automatic;
				CURRENT_PROJECT_VERSION = 1;
				GENERATE_INFOPLIST_FILE = YES;
				IPHONEOS_DEPLOYMENT_TARGET = 17.2;
				MARKETING_VERSION = 1.0;
				PRODUCT_BUNDLE_IDENTIFIER = "com.GauntletAI.Scroll-LocalTests";
				PRODUCT_NAME = "$(TARGET_NAME)";
				SWIFT_EMIT_LOC_STRINGS = NO;
				SWIFT_VERSION = 5.0;
				TARGETED_DEVICE_FAMILY = "1,2";
				TEST_HOST = "$(BUILT_PRODUCTS_DIR)/Scroll_Local.app/$(BUNDLE_EXECUTABLE_FOLDER_PATH)/Scroll_Local";
			};
			name = Release;
		};
		F73EEADF2D519371008EBB3C /* Debug */ = {
			isa = XCBuildConfiguration;
			buildSettings = {
				ALWAYS_EMBED_SWIFT_STANDARD_LIBRARIES = YES;
				CODE_SIGN_STYLE = Automatic;
				CURRENT_PROJECT_VERSION = 1;
				GENERATE_INFOPLIST_FILE = YES;
				MARKETING_VERSION = 1.0;
				PRODUCT_BUNDLE_IDENTIFIER = "com.GauntletAI.Scroll-LocalUITests";
				PRODUCT_NAME = "$(TARGET_NAME)";
				SWIFT_EMIT_LOC_STRINGS = NO;
				SWIFT_VERSION = 5.0;
				TARGETED_DEVICE_FAMILY = "1,2";
				TEST_TARGET_NAME = "Scroll Local";
			};
			name = Debug;
		};
		F73EEAE02D519371008EBB3C /* Release */ = {
			isa = XCBuildConfiguration;
			buildSettings = {
				ALWAYS_EMBED_SWIFT_STANDARD_LIBRARIES = YES;
				CODE_SIGN_STYLE = Automatic;
				CURRENT_PROJECT_VERSION = 1;
				GENERATE_INFOPLIST_FILE = YES;
				MARKETING_VERSION = 1.0;
				PRODUCT_BUNDLE_IDENTIFIER = "com.GauntletAI.Scroll-LocalUITests";
				PRODUCT_NAME = "$(TARGET_NAME)";
				SWIFT_EMIT_LOC_STRINGS = NO;
				SWIFT_VERSION = 5.0;
				TARGETED_DEVICE_FAMILY = "1,2";
				TEST_TARGET_NAME = "Scroll Local";
			};
			name = Release;
		};
/* End XCBuildConfiguration section */

/* Begin XCConfigurationList section */
		F73EEAAF2D51936E008EBB3C /* Build configuration list for PBXProject "Scroll_Local" */ = {
			isa = XCConfigurationList;
			buildConfigurations = (
				F73EEAD62D519371008EBB3C /* Debug */,
				F73EEAD72D519371008EBB3C /* Release */,
			);
			defaultConfigurationIsVisible = 0;
			defaultConfigurationName = Release;
		};
		F73EEAD82D519371008EBB3C /* Build configuration list for PBXNativeTarget "Scroll_Local" */ = {
			isa = XCConfigurationList;
			buildConfigurations = (
				F73EEAD92D519371008EBB3C /* Debug */,
				F73EEADA2D519371008EBB3C /* Release */,
			);
			defaultConfigurationIsVisible = 0;
			defaultConfigurationName = Release;
		};
		F73EEADB2D519371008EBB3C /* Build configuration list for PBXNativeTarget "Scroll_LocalTests" */ = {
			isa = XCConfigurationList;
			buildConfigurations = (
				F73EEADC2D519371008EBB3C /* Debug */,
				F73EEADD2D519371008EBB3C /* Release */,
			);
			defaultConfigurationIsVisible = 0;
			defaultConfigurationName = Release;
		};
		F73EEADE2D519371008EBB3C /* Build configuration list for PBXNativeTarget "Scroll_LocalUITests" */ = {
			isa = XCConfigurationList;
			buildConfigurations = (
				F73EEADF2D519371008EBB3C /* Debug */,
				F73EEAE02D519371008EBB3C /* Release */,
			);
			defaultConfigurationIsVisible = 0;
			defaultConfigurationName = Release;
		};
/* End XCConfigurationList section */

/* Begin XCRemoteSwiftPackageReference section */
		F7071C792D530C2000B97517 /* XCRemoteSwiftPackageReference "GoogleSignIn-iOS" */ = {
			isa = XCRemoteSwiftPackageReference;
			repositoryURL = "https://github.com/google/GoogleSignIn-iOS.git";
			requirement = {
				kind = upToNextMajorVersion;
				minimumVersion = 8.0.0;
			};
		};
		F73EEAFD2D526987008EBB3C /* XCRemoteSwiftPackageReference "firebase-ios-sdk" */ = {
			isa = XCRemoteSwiftPackageReference;
			repositoryURL = "https://github.com/firebase/firebase-ios-sdk";
			requirement = {
				kind = upToNextMajorVersion;
				minimumVersion = 11.8.0;
			};
		};
/* End XCRemoteSwiftPackageReference section */

/* Begin XCSwiftPackageProductDependency section */
		F7071C472D52BC1600B97517 /* FirebaseAnalytics */ = {
			isa = XCSwiftPackageProductDependency;
			productName = FirebaseAnalytics;
		};
		F7071C492D52BC1600B97517 /* FirebaseAnalyticsOnDeviceConversion */ = {
			isa = XCSwiftPackageProductDependency;
			productName = FirebaseAnalyticsOnDeviceConversion;
		};
		F7071C4B2D52BC1600B97517 /* FirebaseAnalyticsWithoutAdIdSupport */ = {
			isa = XCSwiftPackageProductDependency;
			productName = FirebaseAnalyticsWithoutAdIdSupport;
		};
		F7071C4F2D52BC1600B97517 /* FirebaseAppDistribution-Beta */ = {
			isa = XCSwiftPackageProductDependency;
			productName = "FirebaseAppDistribution-Beta";
		};
		F7071C512D52BC1600B97517 /* FirebaseAuth */ = {
			isa = XCSwiftPackageProductDependency;
			productName = FirebaseAuth;
		};
		F7071C532D52BC1600B97517 /* FirebaseAuthCombine-Community */ = {
			isa = XCSwiftPackageProductDependency;
			productName = "FirebaseAuthCombine-Community";
		};
		F7071C552D52BC1600B97517 /* FirebaseCore */ = {
			isa = XCSwiftPackageProductDependency;
			productName = FirebaseCore;
		};
		F7071C572D52BC1600B97517 /* FirebaseCrashlytics */ = {
			isa = XCSwiftPackageProductDependency;
			productName = FirebaseCrashlytics;
		};
		F7071C592D52BC1600B97517 /* FirebaseDatabase */ = {
			isa = XCSwiftPackageProductDependency;
			productName = FirebaseDatabase;
		};
		F7071C5B2D52BC1600B97517 /* FirebaseDynamicLinks */ = {
			isa = XCSwiftPackageProductDependency;
			productName = FirebaseDynamicLinks;
		};
		F7071C5D2D52BC1600B97517 /* FirebaseFirestore */ = {
			isa = XCSwiftPackageProductDependency;
			productName = FirebaseFirestore;
		};
		F7071C5F2D52BC1600B97517 /* FirebaseFirestoreCombine-Community */ = {
			isa = XCSwiftPackageProductDependency;
			productName = "FirebaseFirestoreCombine-Community";
		};
		F7071C612D52BC1600B97517 /* FirebaseFunctions */ = {
			isa = XCSwiftPackageProductDependency;
			productName = FirebaseFunctions;
		};
		F7071C632D52BC1600B97517 /* FirebaseFunctionsCombine-Community */ = {
			isa = XCSwiftPackageProductDependency;
			productName = "FirebaseFunctionsCombine-Community";
		};
		F7071C652D52BC1600B97517 /* FirebaseInAppMessaging-Beta */ = {
			isa = XCSwiftPackageProductDependency;
			productName = "FirebaseInAppMessaging-Beta";
		};
		F7071C672D52BC1600B97517 /* FirebaseInstallations */ = {
			isa = XCSwiftPackageProductDependency;
			productName = FirebaseInstallations;
		};
		F7071C692D52BC1600B97517 /* FirebaseMLModelDownloader */ = {
			isa = XCSwiftPackageProductDependency;
			productName = FirebaseMLModelDownloader;
		};
		F7071C6B2D52BC1600B97517 /* FirebaseMessaging */ = {
			isa = XCSwiftPackageProductDependency;
			productName = FirebaseMessaging;
		};
		F7071C6D2D52BC1600B97517 /* FirebasePerformance */ = {
			isa = XCSwiftPackageProductDependency;
			productName = FirebasePerformance;
		};
		F7071C6F2D52BC1600B97517 /* FirebaseRemoteConfig */ = {
			isa = XCSwiftPackageProductDependency;
			productName = FirebaseRemoteConfig;
		};
		F7071C712D52BC1600B97517 /* FirebaseStorage */ = {
			isa = XCSwiftPackageProductDependency;
			productName = FirebaseStorage;
		};
		F7071C732D52BC1600B97517 /* FirebaseStorageCombine-Community */ = {
			isa = XCSwiftPackageProductDependency;
			productName = "FirebaseStorageCombine-Community";
		};
		F7071C752D52BC1600B97517 /* FirebaseVertexAI */ = {
			isa = XCSwiftPackageProductDependency;
			productName = FirebaseVertexAI;
		};
		F7071C7A2D530C2000B97517 /* GoogleSignIn */ = {
			isa = XCSwiftPackageProductDependency;
			package = F7071C792D530C2000B97517 /* XCRemoteSwiftPackageReference "GoogleSignIn-iOS" */;
			productName = GoogleSignIn;
		};
		F7071C7C2D530C2000B97517 /* GoogleSignInSwift */ = {
			isa = XCSwiftPackageProductDependency;
			package = F7071C792D530C2000B97517 /* XCRemoteSwiftPackageReference "GoogleSignIn-iOS" */;
			productName = GoogleSignInSwift;
		};
		F75C29292D5274CD0029B00E /* FirebaseAnalytics */ = {
			isa = XCSwiftPackageProductDependency;
			productName = FirebaseAnalytics;
		};
		F75C292B2D5274CD0029B00E /* FirebaseAnalyticsOnDeviceConversion */ = {
			isa = XCSwiftPackageProductDependency;
			productName = FirebaseAnalyticsOnDeviceConversion;
		};
		F75C292D2D5274CD0029B00E /* FirebaseAnalyticsWithoutAdIdSupport */ = {
			isa = XCSwiftPackageProductDependency;
			productName = FirebaseAnalyticsWithoutAdIdSupport;
		};
		F75C29312D5274CD0029B00E /* FirebaseAppDistribution-Beta */ = {
			isa = XCSwiftPackageProductDependency;
			productName = "FirebaseAppDistribution-Beta";
		};
		F75C29332D5274CD0029B00E /* FirebaseAuth */ = {
			isa = XCSwiftPackageProductDependency;
			productName = FirebaseAuth;
		};
		F75C29352D5274CD0029B00E /* FirebaseAuthCombine-Community */ = {
			isa = XCSwiftPackageProductDependency;
			productName = "FirebaseAuthCombine-Community";
		};
		F75C29372D5274CD0029B00E /* FirebaseCore */ = {
			isa = XCSwiftPackageProductDependency;
			productName = FirebaseCore;
		};
		F75C29392D5274CD0029B00E /* FirebaseCrashlytics */ = {
			isa = XCSwiftPackageProductDependency;
			productName = FirebaseCrashlytics;
		};
		F75C293B2D5274CD0029B00E /* FirebaseDatabase */ = {
			isa = XCSwiftPackageProductDependency;
			productName = FirebaseDatabase;
		};
		F75C293D2D5274CD0029B00E /* FirebaseDynamicLinks */ = {
			isa = XCSwiftPackageProductDependency;
			productName = FirebaseDynamicLinks;
		};
		F75C293F2D5274CD0029B00E /* FirebaseFirestore */ = {
			isa = XCSwiftPackageProductDependency;
			productName = FirebaseFirestore;
		};
		F75C29412D5274CD0029B00E /* FirebaseFirestoreCombine-Community */ = {
			isa = XCSwiftPackageProductDependency;
			productName = "FirebaseFirestoreCombine-Community";
		};
		F75C29432D5274CD0029B00E /* FirebaseFunctions */ = {
			isa = XCSwiftPackageProductDependency;
			productName = FirebaseFunctions;
		};
		F75C29452D5274CD0029B00E /* FirebaseFunctionsCombine-Community */ = {
			isa = XCSwiftPackageProductDependency;
			productName = "FirebaseFunctionsCombine-Community";
		};
		F75C29472D5274CD0029B00E /* FirebaseInAppMessaging-Beta */ = {
			isa = XCSwiftPackageProductDependency;
			productName = "FirebaseInAppMessaging-Beta";
		};
		F75C29492D5274CD0029B00E /* FirebaseInstallations */ = {
			isa = XCSwiftPackageProductDependency;
			productName = FirebaseInstallations;
		};
		F75C294B2D5274CD0029B00E /* FirebaseMLModelDownloader */ = {
			isa = XCSwiftPackageProductDependency;
			productName = FirebaseMLModelDownloader;
		};
		F75C294D2D5274CD0029B00E /* FirebaseMessaging */ = {
			isa = XCSwiftPackageProductDependency;
			productName = FirebaseMessaging;
		};
		F75C294F2D5274CD0029B00E /* FirebasePerformance */ = {
			isa = XCSwiftPackageProductDependency;
			productName = FirebasePerformance;
		};
		F75C29512D5274CD0029B00E /* FirebaseRemoteConfig */ = {
			isa = XCSwiftPackageProductDependency;
			productName = FirebaseRemoteConfig;
		};
		F75C29532D5274CD0029B00E /* FirebaseStorage */ = {
			isa = XCSwiftPackageProductDependency;
			productName = FirebaseStorage;
		};
		F75C29552D5274CD0029B00E /* FirebaseStorageCombine-Community */ = {
			isa = XCSwiftPackageProductDependency;
			productName = "FirebaseStorageCombine-Community";
		};
		F75C29572D5274CD0029B00E /* FirebaseVertexAI */ = {
			isa = XCSwiftPackageProductDependency;
			productName = FirebaseVertexAI;
		};
/* End XCSwiftPackageProductDependency section */
	};
	rootObject = F73EEAAC2D51936E008EBB3C /* Project object */;
}
